[[package]]
name = "atomicwrites"
version = "1.4.1"
description = "Atomic file writes."
category = "dev"
optional = false
python-versions = ">=2.7, !=3.0.*, !=3.1.*, !=3.2.*, !=3.3.*"

[[package]]
name = "attrs"
version = "21.4.0"
description = "Classes Without Boilerplate"
category = "dev"
optional = false
python-versions = ">=2.7, !=3.0.*, !=3.1.*, !=3.2.*, !=3.3.*, !=3.4.*"

[package.extras]
dev = ["coverage[toml] (>=5.0.2)", "hypothesis", "pympler", "pytest (>=4.3.0)", "six", "mypy", "pytest-mypy-plugins", "zope.interface", "furo", "sphinx", "sphinx-notfound-page", "pre-commit", "cloudpickle"]
docs = ["furo", "sphinx", "zope.interface", "sphinx-notfound-page"]
tests = ["coverage[toml] (>=5.0.2)", "hypothesis", "pympler", "pytest (>=4.3.0)", "six", "mypy", "pytest-mypy-plugins", "zope.interface", "cloudpickle"]
tests_no_zope = ["coverage[toml] (>=5.0.2)", "hypothesis", "pympler", "pytest (>=4.3.0)", "six", "mypy", "pytest-mypy-plugins", "cloudpickle"]

[[package]]
name = "certifi"
version = "2022.6.15"
description = "Python package for providing Mozilla's CA Bundle."
category = "main"
optional = false
python-versions = ">=3.6"

[[package]]
name = "charset-normalizer"
version = "2.1.0"
description = "The Real First Universal Charset Detector. Open, modern and actively maintained alternative to Chardet."
category = "main"
optional = false
python-versions = ">=3.6.0"

[package.extras]
unicode_backport = ["unicodedata2"]

[[package]]
name = "colorama"
version = "0.4.5"
description = "Cross-platform colored terminal text."
category = "dev"
optional = false
python-versions = ">=2.7, !=3.0.*, !=3.1.*, !=3.2.*, !=3.3.*, !=3.4.*"

[[package]]
name = "coverage"
version = "6.4.2"
description = "Code coverage measurement for Python"
category = "dev"
optional = false
python-versions = ">=3.7"

[package.dependencies]
tomli = {version = "*", optional = true, markers = "python_full_version <= \"3.11.0a6\" and extra == \"toml\""}

[package.extras]
toml = ["tomli"]

[[package]]
name = "idna"
version = "3.3"
description = "Internationalized Domain Names in Applications (IDNA)"
category = "main"
optional = false
python-versions = ">=3.5"

[[package]]
name = "iniconfig"
version = "1.1.1"
description = "iniconfig: brain-dead simple config-ini parsing"
category = "dev"
optional = false
python-versions = "*"

[[package]]
name = "mypy"
version = "0.971"
description = "Optional static typing for Python"
category = "dev"
optional = false
python-versions = ">=3.6"

[package.dependencies]
mypy-extensions = ">=0.4.3"
tomli = {version = ">=1.1.0", markers = "python_version < \"3.11\""}
typing-extensions = ">=3.10"

[package.extras]
dmypy = ["psutil (>=4.0)"]
python2 = ["typed-ast (>=1.4.0,<2)"]
reports = ["lxml"]

[[package]]
name = "mypy-extensions"
version = "0.4.3"
description = "Experimental type system extensions for programs checked with the mypy typechecker."
category = "dev"
optional = false
python-versions = "*"

[[package]]
name = "packaging"
version = "21.3"
description = "Core utilities for Python packages"
category = "dev"
optional = false
python-versions = ">=3.6"

[package.dependencies]
pyparsing = ">=2.0.2,<3.0.5 || >3.0.5"

[[package]]
name = "pluggy"
version = "1.0.0"
description = "plugin and hook calling mechanisms for python"
category = "dev"
optional = false
python-versions = ">=3.6"

[package.extras]
dev = ["pre-commit", "tox"]
testing = ["pytest", "pytest-benchmark"]

[[package]]
name = "py"
version = "1.11.0"
description = "library with cross-python path, ini-parsing, io, code, log facilities"
category = "dev"
optional = false
python-versions = ">=2.7, !=3.0.*, !=3.1.*, !=3.2.*, !=3.3.*, !=3.4.*"

[[package]]
name = "pyparsing"
version = "3.0.9"
description = "pyparsing module - Classes and methods to define and execute parsing grammars"
category = "dev"
optional = false
python-versions = ">=3.6.8"

[package.extras]
diagrams = ["railroad-diagrams", "jinja2"]

[[package]]
name = "pytest"
version = "7.1.2"
description = "pytest: simple powerful testing with Python"
category = "dev"
optional = false
python-versions = ">=3.7"

[package.dependencies]
atomicwrites = {version = ">=1.0", markers = "sys_platform == \"win32\""}
attrs = ">=19.2.0"
colorama = {version = "*", markers = "sys_platform == \"win32\""}
iniconfig = "*"
packaging = "*"
pluggy = ">=0.12,<2.0"
py = ">=1.8.2"
tomli = ">=1.0.0"

[package.extras]
testing = ["argcomplete", "hypothesis (>=3.56)", "mock", "nose", "pygments (>=2.7.2)", "requests", "xmlschema"]

[[package]]
name = "pytest-cov"
version = "3.0.0"
description = "Pytest plugin for measuring coverage."
category = "dev"
optional = false
python-versions = ">=3.6"

[package.dependencies]
coverage = {version = ">=5.2.1", extras = ["toml"]}
pytest = ">=4.6"

[package.extras]
testing = ["fields", "hunter", "process-tests", "six", "pytest-xdist", "virtualenv"]

[[package]]
name = "requests"
version = "2.28.1"
description = "Python HTTP for Humans."
category = "main"
optional = false
python-versions = ">=3.7, <4"

[package.dependencies]
certifi = ">=2017.4.17"
charset-normalizer = ">=2,<3"
idna = ">=2.5,<4"
urllib3 = ">=1.21.1,<1.27"

[package.extras]
socks = ["PySocks (>=1.5.6,!=1.5.7)"]
use_chardet_on_py3 = ["chardet (>=3.0.2,<6)"]

[[package]]
name = "tomli"
version = "2.0.1"
description = "A lil' TOML parser"
category = "dev"
optional = false
python-versions = ">=3.7"

[[package]]
name = "types-requests"
version = "2.28.3"
description = "Typing stubs for requests"
category = "dev"
optional = false
python-versions = "*"

[package.dependencies]
types-urllib3 = "<1.27"

[[package]]
name = "types-setuptools"
version = "63.2.1"
description = "Typing stubs for setuptools"
category = "dev"
optional = false
python-versions = "*"

[[package]]
name = "types-urllib3"
version = "1.26.16"
description = "Typing stubs for urllib3"
category = "dev"
optional = false
python-versions = "*"

[[package]]
name = "typing-extensions"
version = "4.3.0"
description = "Backported and Experimental Type Hints for Python 3.7+"
category = "dev"
optional = false
python-versions = ">=3.7"

[[package]]
name = "urllib3"
version = "1.26.10"
description = "HTTP library with thread-safe connection pooling, file post, and more."
category = "main"
optional = false
python-versions = ">=2.7, !=3.0.*, !=3.1.*, !=3.2.*, !=3.3.*, !=3.4.*, !=3.5.*, <4"

[package.extras]
brotli = ["brotlicffi (>=0.8.0)", "brotli (>=1.0.9)", "brotlipy (>=0.6.0)"]
secure = ["pyOpenSSL (>=0.14)", "cryptography (>=1.3.4)", "idna (>=2.0.0)", "certifi", "ipaddress"]
socks = ["PySocks (>=1.5.6,!=1.5.7,<2.0)"]

[metadata]
lock-version = "1.1"
python-versions = "^3.8"
content-hash = "6185263b31f92bdc2f611b118800395291a64e2e9dccbb25830bb5dbd1783b20"

[metadata.files]
atomicwrites = [
    {file = "atomicwrites-1.4.1.tar.gz", hash = "sha256:81b2c9071a49367a7f770170e5eec8cb66567cfbbc8c73d20ce5ca4a8d71cf11"},
]
attrs = [
    {file = "attrs-21.4.0-py2.py3-none-any.whl", hash = "sha256:2d27e3784d7a565d36ab851fe94887c5eccd6a463168875832a1be79c82828b4"},
    {file = "attrs-21.4.0.tar.gz", hash = "sha256:626ba8234211db98e869df76230a137c4c40a12d72445c45d5f5b716f076e2fd"},
]
certifi = [
    {file = "certifi-2022.6.15-py3-none-any.whl", hash = "sha256:fe86415d55e84719d75f8b69414f6438ac3547d2078ab91b67e779ef69378412"},
    {file = "certifi-2022.6.15.tar.gz", hash = "sha256:84c85a9078b11105f04f3036a9482ae10e4621616db313fe045dd24743a0820d"},
]
charset-normalizer = [
    {file = "charset-normalizer-2.1.0.tar.gz", hash = "sha256:575e708016ff3a5e3681541cb9d79312c416835686d054a23accb873b254f413"},
    {file = "charset_normalizer-2.1.0-py3-none-any.whl", hash = "sha256:5189b6f22b01957427f35b6a08d9a0bc45b46d3788ef5a92e978433c7a35f8a5"},
]
colorama = [
    {file = "colorama-0.4.5-py2.py3-none-any.whl", hash = "sha256:854bf444933e37f5824ae7bfc1e98d5bce2ebe4160d46b5edf346a89358e99da"},
    {file = "colorama-0.4.5.tar.gz", hash = "sha256:e6c6b4334fc50988a639d9b98aa429a0b57da6e17b9a44f0451f930b6967b7a4"},
]
coverage = [
    {file = "coverage-6.4.2-cp310-cp310-macosx_10_9_x86_64.whl", hash = "sha256:a9032f9b7d38bdf882ac9f66ebde3afb8145f0d4c24b2e600bc4c6304aafb87e"},
    {file = "coverage-6.4.2-cp310-cp310-macosx_11_0_arm64.whl", hash = "sha256:e0524adb49c716ca763dbc1d27bedce36b14f33e6b8af6dba56886476b42957c"},
    {file = "coverage-6.4.2-cp310-cp310-manylinux_2_17_aarch64.manylinux2014_aarch64.whl", hash = "sha256:d4548be38a1c810d79e097a38107b6bf2ff42151900e47d49635be69943763d8"},
    {file = "coverage-6.4.2-cp310-cp310-manylinux_2_5_i686.manylinux1_i686.manylinux_2_17_i686.manylinux2014_i686.whl", hash = "sha256:f23876b018dfa5d3e98e96f5644b109090f16a4acb22064e0f06933663005d39"},
    {file = "coverage-6.4.2-cp310-cp310-manylinux_2_5_x86_64.manylinux1_x86_64.manylinux_2_17_x86_64.manylinux2014_x86_64.whl", hash = "sha256:6fe75dcfcb889b6800f072f2af5a331342d63d0c1b3d2bf0f7b4f6c353e8c9c0"},
    {file = "coverage-6.4.2-cp310-cp310-musllinux_1_1_aarch64.whl", hash = "sha256:2f8553878a24b00d5ab04b7a92a2af50409247ca5c4b7a2bf4eabe94ed20d3ee"},
    {file = "coverage-6.4.2-cp310-cp310-musllinux_1_1_i686.whl", hash = "sha256:d774d9e97007b018a651eadc1b3970ed20237395527e22cbeb743d8e73e0563d"},
    {file = "coverage-6.4.2-cp310-cp310-musllinux_1_1_x86_64.whl", hash = "sha256:d56f105592188ce7a797b2bd94b4a8cb2e36d5d9b0d8a1d2060ff2a71e6b9bbc"},
    {file = "coverage-6.4.2-cp310-cp310-win32.whl", hash = "sha256:d230d333b0be8042ac34808ad722eabba30036232e7a6fb3e317c49f61c93386"},
    {file = "coverage-6.4.2-cp310-cp310-win_amd64.whl", hash = "sha256:5ef42e1db047ca42827a85e34abe973971c635f83aed49611b7f3ab49d0130f0"},
    {file = "coverage-6.4.2-cp37-cp37m-macosx_10_9_x86_64.whl", hash = "sha256:25b7ec944f114f70803d6529394b64f8749e93cbfac0fe6c5ea1b7e6c14e8a46"},
    {file = "coverage-6.4.2-cp37-cp37m-manylinux_2_17_aarch64.manylinux2014_aarch64.whl", hash = "sha256:7bb00521ab4f99fdce2d5c05a91bddc0280f0afaee0e0a00425e28e209d4af07"},
    {file = "coverage-6.4.2-cp37-cp37m-manylinux_2_5_i686.manylinux1_i686.manylinux_2_17_i686.manylinux2014_i686.whl", hash = "sha256:2dff52b3e7f76ada36f82124703f4953186d9029d00d6287f17c68a75e2e6039"},
    {file = "coverage-6.4.2-cp37-cp37m-manylinux_2_5_x86_64.manylinux1_x86_64.manylinux_2_17_x86_64.manylinux2014_x86_64.whl", hash = "sha256:147605e1702d996279bb3cc3b164f408698850011210d133a2cb96a73a2f7996"},
    {file = "coverage-6.4.2-cp37-cp37m-musllinux_1_1_aarch64.whl", hash = "sha256:422fa44070b42fef9fb8dabd5af03861708cdd6deb69463adc2130b7bf81332f"},
    {file = "coverage-6.4.2-cp37-cp37m-musllinux_1_1_i686.whl", hash = "sha256:8af6c26ba8df6338e57bedbf916d76bdae6308e57fc8f14397f03b5da8622b4e"},
    {file = "coverage-6.4.2-cp37-cp37m-musllinux_1_1_x86_64.whl", hash = "sha256:5336e0352c0b12c7e72727d50ff02557005f79a0b8dcad9219c7c4940a930083"},
    {file = "coverage-6.4.2-cp37-cp37m-win32.whl", hash = "sha256:0f211df2cba951ffcae210ee00e54921ab42e2b64e0bf2c0befc977377fb09b7"},
    {file = "coverage-6.4.2-cp37-cp37m-win_amd64.whl", hash = "sha256:a13772c19619118903d65a91f1d5fea84be494d12fd406d06c849b00d31bf120"},
    {file = "coverage-6.4.2-cp38-cp38-macosx_10_9_x86_64.whl", hash = "sha256:f7bd0ffbcd03dc39490a1f40b2669cc414fae0c4e16b77bb26806a4d0b7d1452"},
    {file = "coverage-6.4.2-cp38-cp38-macosx_11_0_arm64.whl", hash = "sha256:0895ea6e6f7f9939166cc835df8fa4599e2d9b759b02d1521b574e13b859ac32"},
    {file = "coverage-6.4.2-cp38-cp38-manylinux_2_17_aarch64.manylinux2014_aarch64.whl", hash = "sha256:d4e7ced84a11c10160c0697a6cc0b214a5d7ab21dfec1cd46e89fbf77cc66fae"},
    {file = "coverage-6.4.2-cp38-cp38-manylinux_2_5_i686.manylinux1_i686.manylinux_2_17_i686.manylinux2014_i686.whl", hash = "sha256:80db4a47a199c4563d4a25919ff29c97c87569130375beca3483b41ad5f698e8"},
    {file = "coverage-6.4.2-cp38-cp38-manylinux_2_5_x86_64.manylinux1_x86_64.manylinux_2_17_x86_64.manylinux2014_x86_64.whl", hash = "sha256:3def6791adf580d66f025223078dc84c64696a26f174131059ce8e91452584e1"},
    {file = "coverage-6.4.2-cp38-cp38-musllinux_1_1_aarch64.whl", hash = "sha256:4f89d8e03c8a3757aae65570d14033e8edf192ee9298303db15955cadcff0c63"},
    {file = "coverage-6.4.2-cp38-cp38-musllinux_1_1_i686.whl", hash = "sha256:6d0b48aff8e9720bdec315d67723f0babd936a7211dc5df453ddf76f89c59933"},
    {file = "coverage-6.4.2-cp38-cp38-musllinux_1_1_x86_64.whl", hash = "sha256:2b20286c2b726f94e766e86a3fddb7b7e37af5d0c635bdfa7e4399bc523563de"},
    {file = "coverage-6.4.2-cp38-cp38-win32.whl", hash = "sha256:d714af0bdba67739598849c9f18efdcc5a0412f4993914a0ec5ce0f1e864d783"},
    {file = "coverage-6.4.2-cp38-cp38-win_amd64.whl", hash = "sha256:5f65e5d3ff2d895dab76b1faca4586b970a99b5d4b24e9aafffc0ce94a6022d6"},
    {file = "coverage-6.4.2-cp39-cp39-macosx_10_9_x86_64.whl", hash = "sha256:a697977157adc052284a7160569b36a8bbec09db3c3220642e6323b47cec090f"},
    {file = "coverage-6.4.2-cp39-cp39-macosx_11_0_arm64.whl", hash = "sha256:c77943ef768276b61c96a3eb854eba55633c7a3fddf0a79f82805f232326d33f"},
    {file = "coverage-6.4.2-cp39-cp39-manylinux_2_17_aarch64.manylinux2014_aarch64.whl", hash = "sha256:54d8d0e073a7f238f0666d3c7c0d37469b2aa43311e4024c925ee14f5d5a1cbe"},
    {file = "coverage-6.4.2-cp39-cp39-manylinux_2_5_i686.manylinux1_i686.manylinux_2_17_i686.manylinux2014_i686.whl", hash = "sha256:f22325010d8824594820d6ce84fa830838f581a7fd86a9235f0d2ed6deb61e29"},
    {file = "coverage-6.4.2-cp39-cp39-manylinux_2_5_x86_64.manylinux1_x86_64.manylinux_2_17_x86_64.manylinux2014_x86_64.whl", hash = "sha256:24b04d305ea172ccb21bee5bacd559383cba2c6fcdef85b7701cf2de4188aa55"},
    {file = "coverage-6.4.2-cp39-cp39-musllinux_1_1_aarch64.whl", hash = "sha256:866ebf42b4c5dbafd64455b0a1cd5aa7b4837a894809413b930026c91e18090b"},
    {file = "coverage-6.4.2-cp39-cp39-musllinux_1_1_i686.whl", hash = "sha256:e36750fbbc422c1c46c9d13b937ab437138b998fe74a635ec88989afb57a3978"},
    {file = "coverage-6.4.2-cp39-cp39-musllinux_1_1_x86_64.whl", hash = "sha256:79419370d6a637cb18553ecb25228893966bd7935a9120fa454e7076f13b627c"},
    {file = "coverage-6.4.2-cp39-cp39-win32.whl", hash = "sha256:b5e28db9199dd3833cc8a07fa6cf429a01227b5d429facb56eccd765050c26cd"},
    {file = "coverage-6.4.2-cp39-cp39-win_amd64.whl", hash = "sha256:edfdabe7aa4f97ed2b9dd5dde52d2bb29cb466993bb9d612ddd10d0085a683cf"},
    {file = "coverage-6.4.2-pp36.pp37.pp38-none-any.whl", hash = "sha256:e2618cb2cf5a7cc8d698306e42ebcacd02fb7ef8cfc18485c59394152c70be97"},
    {file = "coverage-6.4.2.tar.gz", hash = "sha256:6c3ccfe89c36f3e5b9837b9ee507472310164f352c9fe332120b764c9d60adbe"},
]
idna = [
    {file = "idna-3.3-py3-none-any.whl", hash = "sha256:84d9dd047ffa80596e0f246e2eab0b391788b0503584e8945f2368256d2735ff"},
    {file = "idna-3.3.tar.gz", hash = "sha256:9d643ff0a55b762d5cdb124b8eaa99c66322e2157b69160bc32796e824360e6d"},
]
iniconfig = [
    {file = "iniconfig-1.1.1-py2.py3-none-any.whl", hash = "sha256:011e24c64b7f47f6ebd835bb12a743f2fbe9a26d4cecaa7f53bc4f35ee9da8b3"},
    {file = "iniconfig-1.1.1.tar.gz", hash = "sha256:bc3af051d7d14b2ee5ef9969666def0cd1a000e121eaea580d4a313df4b37f32"},
]
mypy = [
    {file = "mypy-0.971-cp310-cp310-macosx_10_9_universal2.whl", hash = "sha256:f2899a3cbd394da157194f913a931edfd4be5f274a88041c9dc2d9cdcb1c315c"},
    {file = "mypy-0.971-cp310-cp310-macosx_10_9_x86_64.whl", hash = "sha256:98e02d56ebe93981c41211c05adb630d1d26c14195d04d95e49cd97dbc046dc5"},
    {file = "mypy-0.971-cp310-cp310-macosx_11_0_arm64.whl", hash = "sha256:19830b7dba7d5356d3e26e2427a2ec91c994cd92d983142cbd025ebe81d69cf3"},
    {file = "mypy-0.971-cp310-cp310-manylinux_2_5_x86_64.manylinux1_x86_64.manylinux_2_12_x86_64.manylinux2010_x86_64.whl", hash = "sha256:02ef476f6dcb86e6f502ae39a16b93285fef97e7f1ff22932b657d1ef1f28655"},
    {file = "mypy-0.971-cp310-cp310-win_amd64.whl", hash = "sha256:25c5750ba5609a0c7550b73a33deb314ecfb559c350bb050b655505e8aed4103"},
    {file = "mypy-0.971-cp36-cp36m-macosx_10_9_x86_64.whl", hash = "sha256:d3348e7eb2eea2472db611486846742d5d52d1290576de99d59edeb7cd4a42ca"},
    {file = "mypy-0.971-cp36-cp36m-manylinux_2_5_x86_64.manylinux1_x86_64.manylinux_2_12_x86_64.manylinux2010_x86_64.whl", hash = "sha256:3fa7a477b9900be9b7dd4bab30a12759e5abe9586574ceb944bc29cddf8f0417"},
    {file = "mypy-0.971-cp36-cp36m-win_amd64.whl", hash = "sha256:2ad53cf9c3adc43cf3bea0a7d01a2f2e86db9fe7596dfecb4496a5dda63cbb09"},
    {file = "mypy-0.971-cp37-cp37m-macosx_10_9_x86_64.whl", hash = "sha256:855048b6feb6dfe09d3353466004490b1872887150c5bb5caad7838b57328cc8"},
    {file = "mypy-0.971-cp37-cp37m-manylinux_2_5_x86_64.manylinux1_x86_64.manylinux_2_12_x86_64.manylinux2010_x86_64.whl", hash = "sha256:23488a14a83bca6e54402c2e6435467a4138785df93ec85aeff64c6170077fb0"},
    {file = "mypy-0.971-cp37-cp37m-win_amd64.whl", hash = "sha256:4b21e5b1a70dfb972490035128f305c39bc4bc253f34e96a4adf9127cf943eb2"},
    {file = "mypy-0.971-cp38-cp38-macosx_10_9_universal2.whl", hash = "sha256:9796a2ba7b4b538649caa5cecd398d873f4022ed2333ffde58eaf604c4d2cb27"},
    {file = "mypy-0.971-cp38-cp38-macosx_10_9_x86_64.whl", hash = "sha256:5a361d92635ad4ada1b1b2d3630fc2f53f2127d51cf2def9db83cba32e47c856"},
    {file = "mypy-0.971-cp38-cp38-macosx_11_0_arm64.whl", hash = "sha256:b793b899f7cf563b1e7044a5c97361196b938e92f0a4343a5d27966a53d2ec71"},
    {file = "mypy-0.971-cp38-cp38-manylinux_2_5_x86_64.manylinux1_x86_64.manylinux_2_12_x86_64.manylinux2010_x86_64.whl", hash = "sha256:d1ea5d12c8e2d266b5fb8c7a5d2e9c0219fedfeb493b7ed60cd350322384ac27"},
    {file = "mypy-0.971-cp38-cp38-win_amd64.whl", hash = "sha256:23c7ff43fff4b0df93a186581885c8512bc50fc4d4910e0f838e35d6bb6b5e58"},
    {file = "mypy-0.971-cp39-cp39-macosx_10_9_universal2.whl", hash = "sha256:1f7656b69974a6933e987ee8ffb951d836272d6c0f81d727f1d0e2696074d9e6"},
    {file = "mypy-0.971-cp39-cp39-macosx_10_9_x86_64.whl", hash = "sha256:d2022bfadb7a5c2ef410d6a7c9763188afdb7f3533f22a0a32be10d571ee4bbe"},
    {file = "mypy-0.971-cp39-cp39-macosx_11_0_arm64.whl", hash = "sha256:ef943c72a786b0f8d90fd76e9b39ce81fb7171172daf84bf43eaf937e9f220a9"},
    {file = "mypy-0.971-cp39-cp39-manylinux_2_5_x86_64.manylinux1_x86_64.manylinux_2_12_x86_64.manylinux2010_x86_64.whl", hash = "sha256:d744f72eb39f69312bc6c2abf8ff6656973120e2eb3f3ec4f758ed47e414a4bf"},
    {file = "mypy-0.971-cp39-cp39-win_amd64.whl", hash = "sha256:77a514ea15d3007d33a9e2157b0ba9c267496acf12a7f2b9b9f8446337aac5b0"},
    {file = "mypy-0.971-py3-none-any.whl", hash = "sha256:0d054ef16b071149917085f51f89555a576e2618d5d9dd70bd6eea6410af3ac9"},
    {file = "mypy-0.971.tar.gz", hash = "sha256:40b0f21484238269ae6a57200c807d80debc6459d444c0489a102d7c6a75fa56"},
]
mypy-extensions = [
    {file = "mypy_extensions-0.4.3-py2.py3-none-any.whl", hash = "sha256:090fedd75945a69ae91ce1303b5824f428daf5a028d2f6ab8a299250a846f15d"},
    {file = "mypy_extensions-0.4.3.tar.gz", hash = "sha256:2d82818f5bb3e369420cb3c4060a7970edba416647068eb4c5343488a6c604a8"},
]
packaging = [
    {file = "packaging-21.3-py3-none-any.whl", hash = "sha256:ef103e05f519cdc783ae24ea4e2e0f508a9c99b2d4969652eed6a2e1ea5bd522"},
    {file = "packaging-21.3.tar.gz", hash = "sha256:dd47c42927d89ab911e606518907cc2d3a1f38bbd026385970643f9c5b8ecfeb"},
]
pluggy = [
    {file = "pluggy-1.0.0-py2.py3-none-any.whl", hash = "sha256:74134bbf457f031a36d68416e1509f34bd5ccc019f0bcc952c7b909d06b37bd3"},
    {file = "pluggy-1.0.0.tar.gz", hash = "sha256:4224373bacce55f955a878bf9cfa763c1e360858e330072059e10bad68531159"},
]
py = [
    {file = "py-1.11.0-py2.py3-none-any.whl", hash = "sha256:607c53218732647dff4acdfcd50cb62615cedf612e72d1724fb1a0cc6405b378"},
    {file = "py-1.11.0.tar.gz", hash = "sha256:51c75c4126074b472f746a24399ad32f6053d1b34b68d2fa41e558e6f4a98719"},
]
pyparsing = [
    {file = "pyparsing-3.0.9-py3-none-any.whl", hash = "sha256:5026bae9a10eeaefb61dab2f09052b9f4307d44aee4eda64b309723d8d206bbc"},
    {file = "pyparsing-3.0.9.tar.gz", hash = "sha256:2b020ecf7d21b687f219b71ecad3631f644a47f01403fa1d1036b0c6416d70fb"},
]
pytest = [
    {file = "pytest-7.1.2-py3-none-any.whl", hash = "sha256:13d0e3ccfc2b6e26be000cb6568c832ba67ba32e719443bfe725814d3c42433c"},
    {file = "pytest-7.1.2.tar.gz", hash = "sha256:a06a0425453864a270bc45e71f783330a7428defb4230fb5e6a731fde06ecd45"},
]
pytest-cov = [
    {file = "pytest-cov-3.0.0.tar.gz", hash = "sha256:e7f0f5b1617d2210a2cabc266dfe2f4c75a8d32fb89eafb7ad9d06f6d076d470"},
    {file = "pytest_cov-3.0.0-py3-none-any.whl", hash = "sha256:578d5d15ac4a25e5f961c938b85a05b09fdaae9deef3bb6de9a6e766622ca7a6"},
]
requests = [
    {file = "requests-2.28.1-py3-none-any.whl", hash = "sha256:8fefa2a1a1365bf5520aac41836fbee479da67864514bdb821f31ce07ce65349"},
    {file = "requests-2.28.1.tar.gz", hash = "sha256:7c5599b102feddaa661c826c56ab4fee28bfd17f5abca1ebbe3e7f19d7c97983"},
]
tomli = [
    {file = "tomli-2.0.1-py3-none-any.whl", hash = "sha256:939de3e7a6161af0c887ef91b7d41a53e7c5a1ca976325f429cb46ea9bc30ecc"},
    {file = "tomli-2.0.1.tar.gz", hash = "sha256:de526c12914f0c550d15924c62d72abc48d6fe7364aa87328337a31007fe8a4f"},
]
types-requests = [
    {file = "types-requests-2.28.3.tar.gz", hash = "sha256:fb9ea69311766967f9e91861211ec7449f6484025b766ea709689c0dbb29d7ba"},
    {file = "types_requests-2.28.3-py3-none-any.whl", hash = "sha256:66f0e427708588d4dac2f365a0b2c1ad8f31780429fd8ad193fec93139b22112"},
]
types-setuptools = [
    {file = "types-setuptools-63.2.1.tar.gz", hash = "sha256:2957a40addfca5c7125fd8d386a9efda5379098c6e66a08e02257fd1cea42131"},
    {file = "types_setuptools-63.2.1-py3-none-any.whl", hash = "sha256:eca7cbdd8db15e0ec37174a7dcfc9c8cbc87106f453066340e31729ec853cd63"},
]
types-urllib3 = []
typing-extensions = [
    {file = "typing_extensions-4.3.0-py3-none-any.whl", hash = "sha256:25642c956049920a5aa49edcdd6ab1e06d7e5d467fc00e0506c44ac86fbfca02"},
    {file = "typing_extensions-4.3.0.tar.gz", hash = "sha256:e6d2677a32f47fc7eb2795db1dd15c1f34eff616bcaf2cfb5e997f854fa1c4a6"},
]
urllib3 = []
